{
  "name": "dsa-notification-service",
  "version": "1.0.0",
  "lockfileVersion": 3,
  "requires": true,
  "packages": {
    "": {
      "name": "dsa-notification-service",
      "version": "1.0.0",
      "dependencies": {
        "dotenv": "^16.4.5",
        "kafkajs": "^2.2.4",
        "nodemailer": "^8.0.5"
      }
    },
    "node_modules/dotenv": {
      "version": "16.6.1",
      "resolved": "https://registry.npmjs.org/dotenv/-/dotenv-16.6.1.tgz",
      "integrity": "sha512-uBq4egWHTcTt33a72vpSG0z3HnPuIl6NqYcTrKEg2azoEyl2hpW0zqlxysq2pK9HlDIHyHyakeYaYnSAwd8bow==",
      "license": "BSD-2-Clause",
      "engines": {
        "node": ">=12"
      },
      "funding": {
        "url": "https://dotenvx.com"
      }
    },
    "node_modules/kafkajs": {
      "version": "2.2.4",
      "resolved": "https://registry.npmjs.org/kafkajs/-/kafkajs-2.2.4.tgz",
      "integrity": "sha512-j/YeapB1vfPT2iOIUn/vxdyKEuhuY2PxMBvf5JWux6iSaukAccrMtXEY/Lb7OvavDhOWME589bpLrEdnVHjfjA==",
      "license": "MIT",
      "engines": {
        "node": ">=14.0.0"
      }
    },
    "node_modules/nodemailer": {
      "version": "8.0.5",
      "resolved": "https://registry.npmjs.org/nodemailer/-/nodemailer-8.0.5.tgz",
      "integrity": "sha512-0PF8Yb1yZuQfQbq+5/pZJrtF6WQcjTd5/S4JOHs9PGFxuTqoB/icwuB44pOdURHJbRKX1PPoJZtY7R4VUoCC8w==",
      "license": "MIT-0",
      "engines": {
        "node": ">=6.0.0"
      }
    }
  }
}
